
Microsoft Visual Studio Solution File, Format Version 12.00
# Visual Studio Version 17
VisualStudioVersion = 17.6.33801.468
MinimumVisualStudioVersion = 10.0.40219.1
Project("{9A19103F-16F7-4668-BE54-9A1E7A4F7556}") = "Devops.API", "Devops.API\Devops.API.csproj", "{51473F6E-7BA2-4418-91AF-A6337FAC3F86}"
EndProject
Project("{FAE04EC0-301F-11D3-BF4B-00C04F79EFBC}") = "Devops.API.Tests", "Devops.API.Tests\Devops.API.Tests.csproj", "{97F838A1-24B0-4D0F-905B-1ED9EEEB7ED3}"
EndProject
Global
	GlobalSection(SolutionConfigurationPlatforms) = preSolution
		Debug|Any CPU = Debug|Any CPU
		Release|Any CPU = Release|Any CPU
	EndGlobalSection
	GlobalSection(ProjectConfigurationPlatforms) = postSolution
		{51473F6E-7BA2-4418-91AF-A6337FAC3F86}.Debug|Any CPU.ActiveCfg = Debug|Any CPU
		{51473F6E-7BA2-4418-91AF-A6337FAC3F86}.Debug|Any CPU.Build.0 = Debug|Any CPU
		{51473F6E-7BA2-4418-91AF-A6337FAC3F86}.Release|Any CPU.ActiveCfg = Release|Any CPU
		{51473F6E-7BA2-4418-91AF-A6337FAC3F86}.Release|Any CPU.Build.0 = Release|Any CPU
		{97F838A1-24B0-4D0F-905B-1ED9EEEB7ED3}.Debug|Any CPU.ActiveCfg = Debug|Any CPU
		{97F838A1-24B0-4D0F-905B-1ED9EEEB7ED3}.Debug|Any CPU.Build.0 = Debug|Any CPU
		{97F838A1-24B0-4D0F-905B-1ED9EEEB7ED3}.Release|Any CPU.ActiveCfg = Release|Any CPU
		{97F838A1-24B0-4D0F-905B-1ED9EEEB7ED3}.Release|Any CPU.Build.0 = Release|Any CPU
	EndGlobalSection
	GlobalSection(SolutionProperties) = preSolution
		HideSolutionNode = FALSE
	EndGlobalSection
	GlobalSection(ExtensibilityGlobals) = postSolution
		SolutionGuid = {9E562011-B333-4A53-8483-73E49D854DC7}
	EndGlobalSection
EndGlobal
